
Microsoft Visual Studio Solution File, Format Version 12.00
# Visual Studio Version 16
VisualStudioVersion = 16.0.31624.102
MinimumVisualStudioVersion = 10.0.40219.1
Project("{9A19103F-16F7-4668-BE54-9A1E7A4F7556}") = "ChileComprasProxy.Framework.Utilities", "ChileComprasProxy.Framework.Utilities\ChileComprasProxy.Framework.Utilities.csproj", "{55D28C1C-5869-46B2-9CD0-7275A296D542}"
EndProject
Project("{9A19103F-16F7-4668-BE54-9A1E7A4F7556}") = "ChileComprasProxy.Framework.Services", "ChileComprasProxy.Framework.Services\ChileComprasProxy.Framework.Services.csproj", "{66D1515F-22F6-48F8-976B-FFD9AA74C9FF}"
EndProject
Global
	GlobalSection(SolutionConfigurationPlatforms) = preSolution
		Debug|Any CPU = Debug|Any CPU
		Release|Any CPU = Release|Any CPU
	EndGlobalSection
	GlobalSection(ProjectConfigurationPlatforms) = postSolution
		{55D28C1C-5869-46B2-9CD0-7275A296D542}.Debug|Any CPU.ActiveCfg = Debug|Any CPU
		{55D28C1C-5869-46B2-9CD0-7275A296D542}.Debug|Any CPU.Build.0 = Debug|Any CPU
		{55D28C1C-5869-46B2-9CD0-7275A296D542}.Release|Any CPU.ActiveCfg = Release|Any CPU
		{55D28C1C-5869-46B2-9CD0-7275A296D542}.Release|Any CPU.Build.0 = Release|Any CPU
		{66D1515F-22F6-48F8-976B-FFD9AA74C9FF}.Debug|Any CPU.ActiveCfg = Debug|Any CPU
		{66D1515F-22F6-48F8-976B-FFD9AA74C9FF}.Debug|Any CPU.Build.0 = Debug|Any CPU
		{66D1515F-22F6-48F8-976B-FFD9AA74C9FF}.Release|Any CPU.ActiveCfg = Release|Any CPU
		{66D1515F-22F6-48F8-976B-FFD9AA74C9FF}.Release|Any CPU.Build.0 = Release|Any CPU
	EndGlobalSection
	GlobalSection(SolutionProperties) = preSolution
		HideSolutionNode = FALSE
	EndGlobalSection
	GlobalSection(ExtensibilityGlobals) = postSolution
		SolutionGuid = {7615F316-CC78-4478-B532-F6A4A6A3DB9F}
	EndGlobalSection
EndGlobal
